
Microsoft Visual Studio Solution File, Format Version 12.00
# Visual Studio 15
VisualStudioVersion = 15.0.28307.168
MinimumVisualStudioVersion = 10.0.40219.1
Project("{9A19103F-16F7-4668-BE54-9A1E7A4F7556}") = "DesignPatternPractice", "DesignPatternPractice\DesignPatternPractice.csproj", "{8D0C0AE5-9134-4608-8E8B-74F4AEBD050B}"
EndProject
Project("{9A19103F-16F7-4668-BE54-9A1E7A4F7556}") = "SimpleFactory", "SimpleFactory\SimpleFactory.csproj", "{5BBE4CBB-49F7-4868-8834-DE3E873D7263}"
EndProject
Project("{FAE04EC0-301F-11D3-BF4B-00C04F79EFBC}") = "Strategy", "Strategy\Strategy.csproj", "{A2B90A29-B9C5-41E0-950B-29E0C2D29CE3}"
EndProject
Project("{9A19103F-16F7-4668-BE54-9A1E7A4F7556}") = "Decorator", "Decorator\Decorator.csproj", "{B5D14DF3-B8F7-4B12-AB16-0AB2C51C570C}"
EndProject
Project("{9A19103F-16F7-4668-BE54-9A1E7A4F7556}") = "Proxy", "Proxy\Proxy.csproj", "{4ADF1000-420B-4BAE-A0B4-AFA0678446F6}"
EndProject
Project("{9A19103F-16F7-4668-BE54-9A1E7A4F7556}") = "FactoryMethod", "FactoryMethod\FactoryMethod.csproj", "{EE7AB61B-EA93-4983-A2B0-52CAA7C29FD1}"
EndProject
Project("{9A19103F-16F7-4668-BE54-9A1E7A4F7556}") = "Prototype", "Prototype\Prototype.csproj", "{DD9942DF-8C8F-4AF1-BB36-FDD5B1D52396}"
EndProject
Project("{9A19103F-16F7-4668-BE54-9A1E7A4F7556}") = "TemplateMethod", "TemplateMethod\TemplateMethod.csproj", "{0AAA6BEF-3F7B-4CE3-9EEA-68BD05E22D13}"
EndProject
Project("{9A19103F-16F7-4668-BE54-9A1E7A4F7556}") = "Facade", "Facade\Facade.csproj", "{A5A4A0B4-D860-4BB0-ADEA-E9EE338F80E1}"
EndProject
Project("{9A19103F-16F7-4668-BE54-9A1E7A4F7556}") = "Observer", "Observer\Observer.csproj", "{84B56E45-C909-4F71-9B44-D9AE5DAE77D1}"
EndProject
Project("{9A19103F-16F7-4668-BE54-9A1E7A4F7556}") = "Builder", "Builder\Builder.csproj", "{18803980-19F7-4555-9956-A9BBBE21C2EB}"
EndProject
Project("{9A19103F-16F7-4668-BE54-9A1E7A4F7556}") = "AbstractFactory", "AbstractFactory\AbstractFactory.csproj", "{6330F0EC-8FDB-4C51-AB6D-93B48E7BFD1B}"
EndProject
Project("{9A19103F-16F7-4668-BE54-9A1E7A4F7556}") = "State", "State\State.csproj", "{54468F50-2609-4E51-96FF-818E365481D9}"
EndProject
Project("{9A19103F-16F7-4668-BE54-9A1E7A4F7556}") = "Adapter", "Adapter\Adapter.csproj", "{6981CCBE-4B1F-4E06-889F-E3EA50B7A546}"
EndProject
Project("{9A19103F-16F7-4668-BE54-9A1E7A4F7556}") = "Memento", "Memento\Memento.csproj", "{5E9EDEA3-858A-4AB3-A79E-08AB7222DFAE}"
EndProject
Project("{9A19103F-16F7-4668-BE54-9A1E7A4F7556}") = "Composite", "Composite\Composite.csproj", "{ED372AAC-AAF3-4875-993E-0846BA5BD970}"
EndProject
Project("{9A19103F-16F7-4668-BE54-9A1E7A4F7556}") = "Iterator", "Iterator\Iterator.csproj", "{D0BE402A-F03E-4C6E-83A8-B9ABC0C27B4C}"
EndProject
Project("{9A19103F-16F7-4668-BE54-9A1E7A4F7556}") = "Singleton", "Singleton\Singleton.csproj", "{0FD3A254-9605-453E-8868-2D48561F4EE6}"
EndProject
Project("{9A19103F-16F7-4668-BE54-9A1E7A4F7556}") = "Bridge", "Bridge\Bridge.csproj", "{67757CCE-90DB-4CBC-880E-301A24F4CDC3}"
EndProject
Project("{9A19103F-16F7-4668-BE54-9A1E7A4F7556}") = "Command", "Command\Command.csproj", "{A3E26FA4-C162-4AB9-BBE7-7F7B789B1581}"
EndProject
Project("{9A19103F-16F7-4668-BE54-9A1E7A4F7556}") = "ChainOfReponsibility", "ChainOfReponsibility\ChainOfReponsibility.csproj", "{B21D514E-73E3-4C05-BE10-AEDD8A3D1FCC}"
EndProject
Project("{FAE04EC0-301F-11D3-BF4B-00C04F79EFBC}") = "Mediator", "Mediator\Mediator.csproj", "{491CD7C0-C2D1-4DC0-B05E-B0853602525F}"
EndProject
Global
	GlobalSection(SolutionConfigurationPlatforms) = preSolution
		Debug|Any CPU = Debug|Any CPU
		Release|Any CPU = Release|Any CPU
	EndGlobalSection
	GlobalSection(ProjectConfigurationPlatforms) = postSolution
		{8D0C0AE5-9134-4608-8E8B-74F4AEBD050B}.Debug|Any CPU.ActiveCfg = Debug|Any CPU
		{8D0C0AE5-9134-4608-8E8B-74F4AEBD050B}.Debug|Any CPU.Build.0 = Debug|Any CPU
		{8D0C0AE5-9134-4608-8E8B-74F4AEBD050B}.Release|Any CPU.ActiveCfg = Release|Any CPU
		{8D0C0AE5-9134-4608-8E8B-74F4AEBD050B}.Release|Any CPU.Build.0 = Release|Any CPU
		{5BBE4CBB-49F7-4868-8834-DE3E873D7263}.Debug|Any CPU.ActiveCfg = Debug|Any CPU
		{5BBE4CBB-49F7-4868-8834-DE3E873D7263}.Debug|Any CPU.Build.0 = Debug|Any CPU
		{5BBE4CBB-49F7-4868-8834-DE3E873D7263}.Release|Any CPU.ActiveCfg = Release|Any CPU
		{5BBE4CBB-49F7-4868-8834-DE3E873D7263}.Release|Any CPU.Build.0 = Release|Any CPU
		{A2B90A29-B9C5-41E0-950B-29E0C2D29CE3}.Debug|Any CPU.ActiveCfg = Debug|Any CPU
		{A2B90A29-B9C5-41E0-950B-29E0C2D29CE3}.Debug|Any CPU.Build.0 = Debug|Any CPU
		{A2B90A29-B9C5-41E0-950B-29E0C2D29CE3}.Release|Any CPU.ActiveCfg = Release|Any CPU
		{A2B90A29-B9C5-41E0-950B-29E0C2D29CE3}.Release|Any CPU.Build.0 = Release|Any CPU
		{B5D14DF3-B8F7-4B12-AB16-0AB2C51C570C}.Debug|Any CPU.ActiveCfg = Debug|Any CPU
		{B5D14DF3-B8F7-4B12-AB16-0AB2C51C570C}.Debug|Any CPU.Build.0 = Debug|Any CPU
		{B5D14DF3-B8F7-4B12-AB16-0AB2C51C570C}.Release|Any CPU.ActiveCfg = Release|Any CPU
		{B5D14DF3-B8F7-4B12-AB16-0AB2C51C570C}.Release|Any CPU.Build.0 = Release|Any CPU
		{4ADF1000-420B-4BAE-A0B4-AFA0678446F6}.Debug|Any CPU.ActiveCfg = Debug|Any CPU
		{4ADF1000-420B-4BAE-A0B4-AFA0678446F6}.Debug|Any CPU.Build.0 = Debug|Any CPU
		{4ADF1000-420B-4BAE-A0B4-AFA0678446F6}.Release|Any CPU.ActiveCfg = Release|Any CPU
		{4ADF1000-420B-4BAE-A0B4-AFA0678446F6}.Release|Any CPU.Build.0 = Release|Any CPU
		{EE7AB61B-EA93-4983-A2B0-52CAA7C29FD1}.Debug|Any CPU.ActiveCfg = Debug|Any CPU
		{EE7AB61B-EA93-4983-A2B0-52CAA7C29FD1}.Debug|Any CPU.Build.0 = Debug|Any CPU
		{EE7AB61B-EA93-4983-A2B0-52CAA7C29FD1}.Release|Any CPU.ActiveCfg = Release|Any CPU
		{EE7AB61B-EA93-4983-A2B0-52CAA7C29FD1}.Release|Any CPU.Build.0 = Release|Any CPU
		{DD9942DF-8C8F-4AF1-BB36-FDD5B1D52396}.Debug|Any CPU.ActiveCfg = Debug|Any CPU
		{DD9942DF-8C8F-4AF1-BB36-FDD5B1D52396}.Debug|Any CPU.Build.0 = Debug|Any CPU
		{DD9942DF-8C8F-4AF1-BB36-FDD5B1D52396}.Release|Any CPU.ActiveCfg = Release|Any CPU
		{DD9942DF-8C8F-4AF1-BB36-FDD5B1D52396}.Release|Any CPU.Build.0 = Release|Any CPU
		{0AAA6BEF-3F7B-4CE3-9EEA-68BD05E22D13}.Debug|Any CPU.ActiveCfg = Debug|Any CPU
		{0AAA6BEF-3F7B-4CE3-9EEA-68BD05E22D13}.Debug|Any CPU.Build.0 = Debug|Any CPU
		{0AAA6BEF-3F7B-4CE3-9EEA-68BD05E22D13}.Release|Any CPU.ActiveCfg = Release|Any CPU
		{0AAA6BEF-3F7B-4CE3-9EEA-68BD05E22D13}.Release|Any CPU.Build.0 = Release|Any CPU
		{A5A4A0B4-D860-4BB0-ADEA-E9EE338F80E1}.Debug|Any CPU.ActiveCfg = Debug|Any CPU
		{A5A4A0B4-D860-4BB0-ADEA-E9EE338F80E1}.Debug|Any CPU.Build.0 = Debug|Any CPU
		{A5A4A0B4-D860-4BB0-ADEA-E9EE338F80E1}.Release|Any CPU.ActiveCfg = Release|Any CPU
		{A5A4A0B4-D860-4BB0-ADEA-E9EE338F80E1}.Release|Any CPU.Build.0 = Release|Any CPU
		{84B56E45-C909-4F71-9B44-D9AE5DAE77D1}.Debug|Any CPU.ActiveCfg = Debug|Any CPU
		{84B56E45-C909-4F71-9B44-D9AE5DAE77D1}.Debug|Any CPU.Build.0 = Debug|Any CPU
		{84B56E45-C909-4F71-9B44-D9AE5DAE77D1}.Release|Any CPU.ActiveCfg = Release|Any CPU
		{84B56E45-C909-4F71-9B44-D9AE5DAE77D1}.Release|Any CPU.Build.0 = Release|Any CPU
		{18803980-19F7-4555-9956-A9BBBE21C2EB}.Debug|Any CPU.ActiveCfg = Debug|Any CPU
		{18803980-19F7-4555-9956-A9BBBE21C2EB}.Debug|Any CPU.Build.0 = Debug|Any CPU
		{18803980-19F7-4555-9956-A9BBBE21C2EB}.Release|Any CPU.ActiveCfg = Release|Any CPU
		{18803980-19F7-4555-9956-A9BBBE21C2EB}.Release|Any CPU.Build.0 = Release|Any CPU
		{6330F0EC-8FDB-4C51-AB6D-93B48E7BFD1B}.Debug|Any CPU.ActiveCfg = Debug|Any CPU
		{6330F0EC-8FDB-4C51-AB6D-93B48E7BFD1B}.Debug|Any CPU.Build.0 = Debug|Any CPU
		{6330F0EC-8FDB-4C51-AB6D-93B48E7BFD1B}.Release|Any CPU.ActiveCfg = Release|Any CPU
		{6330F0EC-8FDB-4C51-AB6D-93B48E7BFD1B}.Release|Any CPU.Build.0 = Release|Any CPU
		{54468F50-2609-4E51-96FF-818E365481D9}.Debug|Any CPU.ActiveCfg = Debug|Any CPU
		{54468F50-2609-4E51-96FF-818E365481D9}.Debug|Any CPU.Build.0 = Debug|Any CPU
		{54468F50-2609-4E51-96FF-818E365481D9}.Release|Any CPU.ActiveCfg = Release|Any CPU
		{54468F50-2609-4E51-96FF-818E365481D9}.Release|Any CPU.Build.0 = Release|Any CPU
		{6981CCBE-4B1F-4E06-889F-E3EA50B7A546}.Debug|Any CPU.ActiveCfg = Debug|Any CPU
		{6981CCBE-4B1F-4E06-889F-E3EA50B7A546}.Debug|Any CPU.Build.0 = Debug|Any CPU
		{6981CCBE-4B1F-4E06-889F-E3EA50B7A546}.Release|Any CPU.ActiveCfg = Release|Any CPU
		{6981CCBE-4B1F-4E06-889F-E3EA50B7A546}.Release|Any CPU.Build.0 = Release|Any CPU
		{5E9EDEA3-858A-4AB3-A79E-08AB7222DFAE}.Debug|Any CPU.ActiveCfg = Debug|Any CPU
		{5E9EDEA3-858A-4AB3-A79E-08AB7222DFAE}.Debug|Any CPU.Build.0 = Debug|Any CPU
		{5E9EDEA3-858A-4AB3-A79E-08AB7222DFAE}.Release|Any CPU.ActiveCfg = Release|Any CPU
		{5E9EDEA3-858A-4AB3-A79E-08AB7222DFAE}.Release|Any CPU.Build.0 = Release|Any CPU
		{ED372AAC-AAF3-4875-993E-0846BA5BD970}.Debug|Any CPU.ActiveCfg = Debug|Any CPU
		{ED372AAC-AAF3-4875-993E-0846BA5BD970}.Debug|Any CPU.Build.0 = Debug|Any CPU
		{ED372AAC-AAF3-4875-993E-0846BA5BD970}.Release|Any CPU.ActiveCfg = Release|Any CPU
		{ED372AAC-AAF3-4875-993E-0846BA5BD970}.Release|Any CPU.Build.0 = Release|Any CPU
		{D0BE402A-F03E-4C6E-83A8-B9ABC0C27B4C}.Debug|Any CPU.ActiveCfg = Debug|Any CPU
		{D0BE402A-F03E-4C6E-83A8-B9ABC0C27B4C}.Debug|Any CPU.Build.0 = Debug|Any CPU
		{D0BE402A-F03E-4C6E-83A8-B9ABC0C27B4C}.Release|Any CPU.ActiveCfg = Release|Any CPU
		{D0BE402A-F03E-4C6E-83A8-B9ABC0C27B4C}.Release|Any CPU.Build.0 = Release|Any CPU
		{0FD3A254-9605-453E-8868-2D48561F4EE6}.Debug|Any CPU.ActiveCfg = Debug|Any CPU
		{0FD3A254-9605-453E-8868-2D48561F4EE6}.Debug|Any CPU.Build.0 = Debug|Any CPU
		{0FD3A254-9605-453E-8868-2D48561F4EE6}.Release|Any CPU.ActiveCfg = Release|Any CPU
		{0FD3A254-9605-453E-8868-2D48561F4EE6}.Release|Any CPU.Build.0 = Release|Any CPU
		{67757CCE-90DB-4CBC-880E-301A24F4CDC3}.Debug|Any CPU.ActiveCfg = Debug|Any CPU
		{67757CCE-90DB-4CBC-880E-301A24F4CDC3}.Debug|Any CPU.Build.0 = Debug|Any CPU
		{67757CCE-90DB-4CBC-880E-301A24F4CDC3}.Release|Any CPU.ActiveCfg = Release|Any CPU
		{67757CCE-90DB-4CBC-880E-301A24F4CDC3}.Release|Any CPU.Build.0 = Release|Any CPU
		{A3E26FA4-C162-4AB9-BBE7-7F7B789B1581}.Debug|Any CPU.ActiveCfg = Debug|Any CPU
		{A3E26FA4-C162-4AB9-BBE7-7F7B789B1581}.Debug|Any CPU.Build.0 = Debug|Any CPU
		{A3E26FA4-C162-4AB9-BBE7-7F7B789B1581}.Release|Any CPU.ActiveCfg = Release|Any CPU
		{A3E26FA4-C162-4AB9-BBE7-7F7B789B1581}.Release|Any CPU.Build.0 = Release|Any CPU
		{B21D514E-73E3-4C05-BE10-AEDD8A3D1FCC}.Debug|Any CPU.ActiveCfg = Debug|Any CPU
		{B21D514E-73E3-4C05-BE10-AEDD8A3D1FCC}.Debug|Any CPU.Build.0 = Debug|Any CPU
		{B21D514E-73E3-4C05-BE10-AEDD8A3D1FCC}.Release|Any CPU.ActiveCfg = Release|Any CPU
		{B21D514E-73E3-4C05-BE10-AEDD8A3D1FCC}.Release|Any CPU.Build.0 = Release|Any CPU
		{491CD7C0-C2D1-4DC0-B05E-B0853602525F}.Debug|Any CPU.ActiveCfg = Debug|Any CPU
		{491CD7C0-C2D1-4DC0-B05E-B0853602525F}.Debug|Any CPU.Build.0 = Debug|Any CPU
		{491CD7C0-C2D1-4DC0-B05E-B0853602525F}.Release|Any CPU.ActiveCfg = Release|Any CPU
		{491CD7C0-C2D1-4DC0-B05E-B0853602525F}.Release|Any CPU.Build.0 = Release|Any CPU
	EndGlobalSection
	GlobalSection(SolutionProperties) = preSolution
		HideSolutionNode = FALSE
	EndGlobalSection
	GlobalSection(ExtensibilityGlobals) = postSolution
		SolutionGuid = {BB58330D-E611-4592-94D2-423D3FFDA89B}
	EndGlobalSection
EndGlobal
